{
  "pins" : [
    {
      "identity" : "militarysymbologyassets",
      "kind" : "remoteSourceControl",
      "location" : "https://github.com/sergpryimachuk/MilitarySymbologyAssets",
      "state" : {
        "branch" : "main",
        "revision" : "99e19716e43d6cead9017310864b8ad56969dfdd"
      }
    }
  ],
  "version" : 2
}
