{
  "pins" : [
    {
      "identity" : "militarysymbologyassets",
      "kind" : "remoteSourceControl",
      "location" : "https://github.com/sergpryimachuk/MilitarySymbologyAssets",
      "state" : {
        "branch" : "main",
        "revision" : "948cc9d3cb9dc142f5528a72bf06e4d9d5bdd3c7"
      }
    }
  ],
  "version" : 2
}
