// !$*UTF8*$!
{
	archiveVersion = 1;
	classes = {
	};
	objectVersion = 56;
	objects = {

/* Begin PBXBuildFile section */
		930218172B00FE5E004FA3D5 /* Context.swift in Sources */ = {isa = PBXBuildFile; fileRef = 930218162B00FE5E004FA3D5 /* Context.swift */; };
		930218192B00FE7C004FA3D5 /* StandardIdentity.swift in Sources */ = {isa = PBXBuildFile; fileRef = 930218182B00FE7C004FA3D5 /* StandardIdentity.swift */; };
		9302181B2B00FEB2004FA3D5 /* Dimension.swift in Sources */ = {isa = PBXBuildFile; fileRef = 9302181A2B00FEB2004FA3D5 /* Dimension.swift */; };
		9302181D2B00FF8C004FA3D5 /* Status.swift in Sources */ = {isa = PBXBuildFile; fileRef = 9302181C2B00FF8C004FA3D5 /* Status.swift */; };
		9302181F2B00FFC2004FA3D5 /* HQTFD.swift in Sources */ = {isa = PBXBuildFile; fileRef = 9302181E2B00FFC2004FA3D5 /* HQTFD.swift */; };
		930218222B010058004FA3D5 /* Amplifier.swift in Sources */ = {isa = PBXBuildFile; fileRef = 930218212B010058004FA3D5 /* Amplifier.swift */; };
		930218252B0100E0004FA3D5 /* EchelonBrigadeBelowDescriptor.swift in Sources */ = {isa = PBXBuildFile; fileRef = 930218242B0100E0004FA3D5 /* EchelonBrigadeBelowDescriptor.swift */; };
		930218272B01013A004FA3D5 /* EchelonDivisionAboveDescriptor.swift in Sources */ = {isa = PBXBuildFile; fileRef = 930218262B01013A004FA3D5 /* EchelonDivisionAboveDescriptor.swift */; };
		930218292B010174004FA3D5 /* EquipmentMobilityLandDescriptor.swift in Sources */ = {isa = PBXBuildFile; fileRef = 930218282B010174004FA3D5 /* EquipmentMobilityLandDescriptor.swift */; };
		9302182B2B0101AD004FA3D5 /* EquipmentMobilitySnowDescriptor.swift in Sources */ = {isa = PBXBuildFile; fileRef = 9302182A2B0101AD004FA3D5 /* EquipmentMobilitySnowDescriptor.swift */; };
		9302182D2B0101BD004FA3D5 /* EquipmentMobilityWaterDescriptor.swift in Sources */ = {isa = PBXBuildFile; fileRef = 9302182C2B0101BD004FA3D5 /* EquipmentMobilityWaterDescriptor.swift */; };
		9302182F2B0101C8004FA3D5 /* NavalTowedArrayDescriptor.swift in Sources */ = {isa = PBXBuildFile; fileRef = 9302182E2B0101C8004FA3D5 /* NavalTowedArrayDescriptor.swift */; };
		930218312B010FBA004FA3D5 /* LandUnitEntity.swift in Sources */ = {isa = PBXBuildFile; fileRef = 930218302B010FBA004FA3D5 /* LandUnitEntity.swift */; };
		930218372B012DBD004FA3D5 /* TestView.swift in Sources */ = {isa = PBXBuildFile; fileRef = 930218362B012DBD004FA3D5 /* TestView.swift */; };
		930218392B012EB9004FA3D5 /* Descriptor.swift in Sources */ = {isa = PBXBuildFile; fileRef = 930218382B012EB9004FA3D5 /* Descriptor.swift */; };
		9302183B2B012EF5004FA3D5 /* NotApplicableDescriptor.swift in Sources */ = {isa = PBXBuildFile; fileRef = 9302183A2B012EF5004FA3D5 /* NotApplicableDescriptor.swift */; };
		9302183E2B01349A004FA3D5 /* EntityType.swift in Sources */ = {isa = PBXBuildFile; fileRef = 9302183D2B01349A004FA3D5 /* EntityType.swift */; };
		930218412B013502004FA3D5 /* CommandAndControlEntityType.swift in Sources */ = {isa = PBXBuildFile; fileRef = 930218402B013502004FA3D5 /* CommandAndControlEntityType.swift */; };
		930218432B013685004FA3D5 /* MovementAndManeuverEntityType.swift in Sources */ = {isa = PBXBuildFile; fileRef = 930218422B013685004FA3D5 /* MovementAndManeuverEntityType.swift */; };
		930218452B013835004FA3D5 /* FiresEntityType.swift in Sources */ = {isa = PBXBuildFile; fileRef = 930218442B013835004FA3D5 /* FiresEntityType.swift */; };
		9330114F2B07B01C0053E2C2 /* ProtectionEntityType.swift in Sources */ = {isa = PBXBuildFile; fileRef = 9330114E2B07B01C0053E2C2 /* ProtectionEntityType.swift */; };
		933011512B07B0D80053E2C2 /* IntelligenceEntityType.swift in Sources */ = {isa = PBXBuildFile; fileRef = 933011502B07B0D80053E2C2 /* IntelligenceEntityType.swift */; };
		933011532B07B1EC0053E2C2 /* SustainmentEntityType.swift in Sources */ = {isa = PBXBuildFile; fileRef = 933011522B07B1EC0053E2C2 /* SustainmentEntityType.swift */; };
		934495D12B10CA9000AD1B73 /* SearchView.swift in Sources */ = {isa = PBXBuildFile; fileRef = 934495D02B10CA9000AD1B73 /* SearchView.swift */; };
		939B44A52AFE39C700A67880 /* MilitarySymbologyKitApp.swift in Sources */ = {isa = PBXBuildFile; fileRef = 939B44A42AFE39C700A67880 /* MilitarySymbologyKitApp.swift */; };
		939B44A72AFE39C700A67880 /* ContentView.swift in Sources */ = {isa = PBXBuildFile; fileRef = 939B44A62AFE39C700A67880 /* ContentView.swift */; };
		939B44A92AFE39C900A67880 /* Assets.xcassets in Resources */ = {isa = PBXBuildFile; fileRef = 939B44A82AFE39C900A67880 /* Assets.xcassets */; };
		939B44AC2AFE39C900A67880 /* Preview Assets.xcassets in Resources */ = {isa = PBXBuildFile; fileRef = 939B44AB2AFE39C900A67880 /* Preview Assets.xcassets */; };
		939B44BA2AFE485C00A67880 /* MilitarySymbol.swift in Sources */ = {isa = PBXBuildFile; fileRef = 939B44B92AFE485C00A67880 /* MilitarySymbol.swift */; };
		93DF9AA52B04C47700BD4D9C /* Localizable.xcstrings in Resources */ = {isa = PBXBuildFile; fileRef = 93DF9AA42B04C47700BD4D9C /* Localizable.xcstrings */; };
		93DF9AA72B04C6DA00BD4D9C /* Entity.swift in Sources */ = {isa = PBXBuildFile; fileRef = 93DF9AA62B04C6DA00BD4D9C /* Entity.swift */; };
		93DF9AAF2B04F6B300BD4D9C /* AirUnitEntity.swift in Sources */ = {isa = PBXBuildFile; fileRef = 93DF9AAE2B04F6B300BD4D9C /* AirUnitEntity.swift */; };
/* End PBXBuildFile section */

/* Begin PBXFileReference section */
		930218162B00FE5E004FA3D5 /* Context.swift */ = {isa = PBXFileReference; lastKnownFileType = sourcecode.swift; path = Context.swift; sourceTree = "<group>"; };
		930218182B00FE7C004FA3D5 /* StandardIdentity.swift */ = {isa = PBXFileReference; lastKnownFileType = sourcecode.swift; path = StandardIdentity.swift; sourceTree = "<group>"; };
		9302181A2B00FEB2004FA3D5 /* Dimension.swift */ = {isa = PBXFileReference; lastKnownFileType = sourcecode.swift; path = Dimension.swift; sourceTree = "<group>"; };
		9302181C2B00FF8C004FA3D5 /* Status.swift */ = {isa = PBXFileReference; lastKnownFileType = sourcecode.swift; path = Status.swift; sourceTree = "<group>"; };
		9302181E2B00FFC2004FA3D5 /* HQTFD.swift */ = {isa = PBXFileReference; lastKnownFileType = sourcecode.swift; path = HQTFD.swift; sourceTree = "<group>"; };
		930218212B010058004FA3D5 /* Amplifier.swift */ = {isa = PBXFileReference; lastKnownFileType = sourcecode.swift; path = Amplifier.swift; sourceTree = "<group>"; };
		930218242B0100E0004FA3D5 /* EchelonBrigadeBelowDescriptor.swift */ = {isa = PBXFileReference; lastKnownFileType = sourcecode.swift; path = EchelonBrigadeBelowDescriptor.swift; sourceTree = "<group>"; };
		930218262B01013A004FA3D5 /* EchelonDivisionAboveDescriptor.swift */ = {isa = PBXFileReference; lastKnownFileType = sourcecode.swift; path = EchelonDivisionAboveDescriptor.swift; sourceTree = "<group>"; };
		930218282B010174004FA3D5 /* EquipmentMobilityLandDescriptor.swift */ = {isa = PBXFileReference; lastKnownFileType = sourcecode.swift; path = EquipmentMobilityLandDescriptor.swift; sourceTree = "<group>"; };
		9302182A2B0101AD004FA3D5 /* EquipmentMobilitySnowDescriptor.swift */ = {isa = PBXFileReference; lastKnownFileType = sourcecode.swift; path = EquipmentMobilitySnowDescriptor.swift; sourceTree = "<group>"; };
		9302182C2B0101BD004FA3D5 /* EquipmentMobilityWaterDescriptor.swift */ = {isa = PBXFileReference; lastKnownFileType = sourcecode.swift; path = EquipmentMobilityWaterDescriptor.swift; sourceTree = "<group>"; };
		9302182E2B0101C8004FA3D5 /* NavalTowedArrayDescriptor.swift */ = {isa = PBXFileReference; lastKnownFileType = sourcecode.swift; path = NavalTowedArrayDescriptor.swift; sourceTree = "<group>"; };
		930218302B010FBA004FA3D5 /* LandUnitEntity.swift */ = {isa = PBXFileReference; lastKnownFileType = sourcecode.swift; path = LandUnitEntity.swift; sourceTree = "<group>"; };
		930218362B012DBD004FA3D5 /* TestView.swift */ = {isa = PBXFileReference; lastKnownFileType = sourcecode.swift; path = TestView.swift; sourceTree = "<group>"; };
		930218382B012EB9004FA3D5 /* Descriptor.swift */ = {isa = PBXFileReference; lastKnownFileType = sourcecode.swift; path = Descriptor.swift; sourceTree = "<group>"; };
		9302183A2B012EF5004FA3D5 /* NotApplicableDescriptor.swift */ = {isa = PBXFileReference; lastKnownFileType = sourcecode.swift; path = NotApplicableDescriptor.swift; sourceTree = "<group>"; };
		9302183D2B01349A004FA3D5 /* EntityType.swift */ = {isa = PBXFileReference; lastKnownFileType = sourcecode.swift; path = EntityType.swift; sourceTree = "<group>"; };
		930218402B013502004FA3D5 /* CommandAndControlEntityType.swift */ = {isa = PBXFileReference; lastKnownFileType = sourcecode.swift; path = CommandAndControlEntityType.swift; sourceTree = "<group>"; };
		930218422B013685004FA3D5 /* MovementAndManeuverEntityType.swift */ = {isa = PBXFileReference; lastKnownFileType = sourcecode.swift; path = MovementAndManeuverEntityType.swift; sourceTree = "<group>"; };
		930218442B013835004FA3D5 /* FiresEntityType.swift */ = {isa = PBXFileReference; lastKnownFileType = sourcecode.swift; path = FiresEntityType.swift; sourceTree = "<group>"; };
		9330114E2B07B01C0053E2C2 /* ProtectionEntityType.swift */ = {isa = PBXFileReference; lastKnownFileType = sourcecode.swift; path = ProtectionEntityType.swift; sourceTree = "<group>"; };
		933011502B07B0D80053E2C2 /* IntelligenceEntityType.swift */ = {isa = PBXFileReference; lastKnownFileType = sourcecode.swift; path = IntelligenceEntityType.swift; sourceTree = "<group>"; };
		933011522B07B1EC0053E2C2 /* SustainmentEntityType.swift */ = {isa = PBXFileReference; lastKnownFileType = sourcecode.swift; path = SustainmentEntityType.swift; sourceTree = "<group>"; };
		934495D02B10CA9000AD1B73 /* SearchView.swift */ = {isa = PBXFileReference; lastKnownFileType = sourcecode.swift; path = SearchView.swift; sourceTree = "<group>"; };
		939B44A12AFE39C700A67880 /* MilitarySymbologyKit.app */ = {isa = PBXFileReference; explicitFileType = wrapper.application; includeInIndex = 0; path = MilitarySymbologyKit.app; sourceTree = BUILT_PRODUCTS_DIR; };
		939B44A42AFE39C700A67880 /* MilitarySymbologyKitApp.swift */ = {isa = PBXFileReference; lastKnownFileType = sourcecode.swift; path = MilitarySymbologyKitApp.swift; sourceTree = "<group>"; };
		939B44A62AFE39C700A67880 /* ContentView.swift */ = {isa = PBXFileReference; lastKnownFileType = sourcecode.swift; path = ContentView.swift; sourceTree = "<group>"; };
		939B44A82AFE39C900A67880 /* Assets.xcassets */ = {isa = PBXFileReference; lastKnownFileType = folder.assetcatalog; path = Assets.xcassets; sourceTree = "<group>"; };
		939B44AB2AFE39C900A67880 /* Preview Assets.xcassets */ = {isa = PBXFileReference; lastKnownFileType = folder.assetcatalog; path = "Preview Assets.xcassets"; sourceTree = "<group>"; };
		939B44B92AFE485C00A67880 /* MilitarySymbol.swift */ = {isa = PBXFileReference; lastKnownFileType = sourcecode.swift; path = MilitarySymbol.swift; sourceTree = "<group>"; };
		93DF9AA42B04C47700BD4D9C /* Localizable.xcstrings */ = {isa = PBXFileReference; lastKnownFileType = text.json.xcstrings; path = Localizable.xcstrings; sourceTree = "<group>"; };
		93DF9AA62B04C6DA00BD4D9C /* Entity.swift */ = {isa = PBXFileReference; lastKnownFileType = sourcecode.swift; path = Entity.swift; sourceTree = "<group>"; };
		93DF9AAE2B04F6B300BD4D9C /* AirUnitEntity.swift */ = {isa = PBXFileReference; lastKnownFileType = sourcecode.swift; path = AirUnitEntity.swift; sourceTree = "<group>"; };
/* End PBXFileReference section */

/* Begin PBXFrameworksBuildPhase section */
		939B449E2AFE39C700A67880 /* Frameworks */ = {
			isa = PBXFrameworksBuildPhase;
			buildActionMask = 2147483647;
			files = (
			);
			runOnlyForDeploymentPostprocessing = 0;
		};
/* End PBXFrameworksBuildPhase section */

/* Begin PBXGroup section */
		930218202B01004C004FA3D5 /* Amplifier */ = {
			isa = PBXGroup;
			children = (
				930218212B010058004FA3D5 /* Amplifier.swift */,
				930218382B012EB9004FA3D5 /* Descriptor.swift */,
				930218232B0100A9004FA3D5 /* Descriptors */,
			);
			path = Amplifier;
			sourceTree = "<group>";
		};
		930218232B0100A9004FA3D5 /* Descriptors */ = {
			isa = PBXGroup;
			children = (
				930218242B0100E0004FA3D5 /* EchelonBrigadeBelowDescriptor.swift */,
				930218262B01013A004FA3D5 /* EchelonDivisionAboveDescriptor.swift */,
				930218282B010174004FA3D5 /* EquipmentMobilityLandDescriptor.swift */,
				9302182C2B0101BD004FA3D5 /* EquipmentMobilityWaterDescriptor.swift */,
				9302182A2B0101AD004FA3D5 /* EquipmentMobilitySnowDescriptor.swift */,
				9302182E2B0101C8004FA3D5 /* NavalTowedArrayDescriptor.swift */,
				9302183A2B012EF5004FA3D5 /* NotApplicableDescriptor.swift */,
			);
			path = Descriptors;
			sourceTree = "<group>";
		};
		9302183C2B013461004FA3D5 /* Entity */ = {
			isa = PBXGroup;
			children = (
				93DF9AA62B04C6DA00BD4D9C /* Entity.swift */,
				930218302B010FBA004FA3D5 /* LandUnitEntity.swift */,
				93DF9AAE2B04F6B300BD4D9C /* AirUnitEntity.swift */,
				9302183F2B0134F4004FA3D5 /* EntityTypes */,
			);
			path = Entity;
			sourceTree = "<group>";
		};
		9302183F2B0134F4004FA3D5 /* EntityTypes */ = {
			isa = PBXGroup;
			children = (
				9302183D2B01349A004FA3D5 /* EntityType.swift */,
				930218402B013502004FA3D5 /* CommandAndControlEntityType.swift */,
				930218422B013685004FA3D5 /* MovementAndManeuverEntityType.swift */,
				930218442B013835004FA3D5 /* FiresEntityType.swift */,
				9330114E2B07B01C0053E2C2 /* ProtectionEntityType.swift */,
				933011502B07B0D80053E2C2 /* IntelligenceEntityType.swift */,
				933011522B07B1EC0053E2C2 /* SustainmentEntityType.swift */,
			);
			path = EntityTypes;
			sourceTree = "<group>";
		};
		939B44982AFE39C700A67880 = {
			isa = PBXGroup;
			children = (
				939B44A32AFE39C700A67880 /* MilitarySymbologyKit */,
				939B44A22AFE39C700A67880 /* Products */,
			);
			sourceTree = "<group>";
		};
		939B44A22AFE39C700A67880 /* Products */ = {
			isa = PBXGroup;
			children = (
				939B44A12AFE39C700A67880 /* MilitarySymbologyKit.app */,
			);
			name = Products;
			sourceTree = "<group>";
		};
		939B44A32AFE39C700A67880 /* MilitarySymbologyKit */ = {
			isa = PBXGroup;
			children = (
				939B44A42AFE39C700A67880 /* MilitarySymbologyKitApp.swift */,
				939B44A62AFE39C700A67880 /* ContentView.swift */,
				934495D02B10CA9000AD1B73 /* SearchView.swift */,
				930218362B012DBD004FA3D5 /* TestView.swift */,
				939B44B22AFE39D600A67880 /* Model */,
				939B44A82AFE39C900A67880 /* Assets.xcassets */,
				939B44AA2AFE39C900A67880 /* Preview Content */,
				93DF9AA42B04C47700BD4D9C /* Localizable.xcstrings */,
			);
			path = MilitarySymbologyKit;
			sourceTree = "<group>";
		};
		939B44AA2AFE39C900A67880 /* Preview Content */ = {
			isa = PBXGroup;
			children = (
				939B44AB2AFE39C900A67880 /* Preview Assets.xcassets */,
			);
			path = "Preview Content";
			sourceTree = "<group>";
		};
		939B44B22AFE39D600A67880 /* Model */ = {
			isa = PBXGroup;
			children = (
				939B44B92AFE485C00A67880 /* MilitarySymbol.swift */,
				930218162B00FE5E004FA3D5 /* Context.swift */,
				930218182B00FE7C004FA3D5 /* StandardIdentity.swift */,
				9302181A2B00FEB2004FA3D5 /* Dimension.swift */,
				9302181C2B00FF8C004FA3D5 /* Status.swift */,
				9302181E2B00FFC2004FA3D5 /* HQTFD.swift */,
				930218202B01004C004FA3D5 /* Amplifier */,
				9302183C2B013461004FA3D5 /* Entity */,
			);
			path = Model;
			sourceTree = "<group>";
		};
/* End PBXGroup section */

/* Begin PBXNativeTarget section */
		939B44A02AFE39C700A67880 /* MilitarySymbologyKit */ = {
			isa = PBXNativeTarget;
			buildConfigurationList = 939B44AF2AFE39C900A67880 /* Build configuration list for PBXNativeTarget "MilitarySymbologyKit" */;
			buildPhases = (
				939B449D2AFE39C700A67880 /* Sources */,
				939B449E2AFE39C700A67880 /* Frameworks */,
				939B449F2AFE39C700A67880 /* Resources */,
			);
			buildRules = (
			);
			dependencies = (
			);
			name = MilitarySymbologyKit;
			productName = MilitarySymbologyKit;
			productReference = 939B44A12AFE39C700A67880 /* MilitarySymbologyKit.app */;
			productType = "com.apple.product-type.application";
		};
/* End PBXNativeTarget section */

/* Begin PBXProject section */
		939B44992AFE39C700A67880 /* Project object */ = {
			isa = PBXProject;
			attributes = {
				BuildIndependentTargetsInParallel = 1;
				LastSwiftUpdateCheck = 1500;
				LastUpgradeCheck = 1500;
				TargetAttributes = {
					939B44A02AFE39C700A67880 = {
						CreatedOnToolsVersion = 15.0.1;
					};
				};
			};
			buildConfigurationList = 939B449C2AFE39C700A67880 /* Build configuration list for PBXProject "MilitarySymbologyKit" */;
			compatibilityVersion = "Xcode 14.0";
			developmentRegion = en;
			hasScannedForEncodings = 0;
			knownRegions = (
				en,
				Base,
				uk,
			);
			mainGroup = 939B44982AFE39C700A67880;
			productRefGroup = 939B44A22AFE39C700A67880 /* Products */;
			projectDirPath = "";
			projectRoot = "";
			targets = (
				939B44A02AFE39C700A67880 /* MilitarySymbologyKit */,
			);
		};
/* End PBXProject section */

/* Begin PBXResourcesBuildPhase section */
		939B449F2AFE39C700A67880 /* Resources */ = {
			isa = PBXResourcesBuildPhase;
			buildActionMask = 2147483647;
			files = (
				939B44AC2AFE39C900A67880 /* Preview Assets.xcassets in Resources */,
				939B44A92AFE39C900A67880 /* Assets.xcassets in Resources */,
				93DF9AA52B04C47700BD4D9C /* Localizable.xcstrings in Resources */,
			);
			runOnlyForDeploymentPostprocessing = 0;
		};
/* End PBXResourcesBuildPhase section */

/* Begin PBXSourcesBuildPhase section */
		939B449D2AFE39C700A67880 /* Sources */ = {
			isa = PBXSourcesBuildPhase;
			buildActionMask = 2147483647;
			files = (
				930218192B00FE7C004FA3D5 /* StandardIdentity.swift in Sources */,
				930218222B010058004FA3D5 /* Amplifier.swift in Sources */,
				93DF9AAF2B04F6B300BD4D9C /* AirUnitEntity.swift in Sources */,
				934495D12B10CA9000AD1B73 /* SearchView.swift in Sources */,
				930218272B01013A004FA3D5 /* EchelonDivisionAboveDescriptor.swift in Sources */,
				9302183B2B012EF5004FA3D5 /* NotApplicableDescriptor.swift in Sources */,
				930218252B0100E0004FA3D5 /* EchelonBrigadeBelowDescriptor.swift in Sources */,
				930218452B013835004FA3D5 /* FiresEntityType.swift in Sources */,
				930218312B010FBA004FA3D5 /* LandUnitEntity.swift in Sources */,
				939B44BA2AFE485C00A67880 /* MilitarySymbol.swift in Sources */,
				9302181D2B00FF8C004FA3D5 /* Status.swift in Sources */,
				939B44A72AFE39C700A67880 /* ContentView.swift in Sources */,
				9330114F2B07B01C0053E2C2 /* ProtectionEntityType.swift in Sources */,
				933011532B07B1EC0053E2C2 /* SustainmentEntityType.swift in Sources */,
				930218372B012DBD004FA3D5 /* TestView.swift in Sources */,
				930218432B013685004FA3D5 /* MovementAndManeuverEntityType.swift in Sources */,
				9302183E2B01349A004FA3D5 /* EntityType.swift in Sources */,
				930218292B010174004FA3D5 /* EquipmentMobilityLandDescriptor.swift in Sources */,
				9302181B2B00FEB2004FA3D5 /* Dimension.swift in Sources */,
				930218172B00FE5E004FA3D5 /* Context.swift in Sources */,
				939B44A52AFE39C700A67880 /* MilitarySymbologyKitApp.swift in Sources */,
				933011512B07B0D80053E2C2 /* IntelligenceEntityType.swift in Sources */,
				9302181F2B00FFC2004FA3D5 /* HQTFD.swift in Sources */,
				930218392B012EB9004FA3D5 /* Descriptor.swift in Sources */,
				930218412B013502004FA3D5 /* CommandAndControlEntityType.swift in Sources */,
				93DF9AA72B04C6DA00BD4D9C /* Entity.swift in Sources */,
				9302182F2B0101C8004FA3D5 /* NavalTowedArrayDescriptor.swift in Sources */,
				9302182D2B0101BD004FA3D5 /* EquipmentMobilityWaterDescriptor.swift in Sources */,
				9302182B2B0101AD004FA3D5 /* EquipmentMobilitySnowDescriptor.swift in Sources */,
			);
			runOnlyForDeploymentPostprocessing = 0;
		};
/* End PBXSourcesBuildPhase section */

/* Begin XCBuildConfiguration section */
		939B44AD2AFE39C900A67880 /* Debug */ = {
			isa = XCBuildConfiguration;
			buildSettings = {
				ALWAYS_SEARCH_USER_PATHS = NO;
				ASSETCATALOG_COMPILER_GENERATE_SWIFT_ASSET_SYMBOL_EXTENSIONS = YES;
				CLANG_ANALYZER_NONNULL = YES;
				CLANG_ANALYZER_NUMBER_OBJECT_CONVERSION = YES_AGGRESSIVE;
				CLANG_CXX_LANGUAGE_STANDARD = "gnu++20";
				CLANG_ENABLE_MODULES = YES;
				CLANG_ENABLE_OBJC_ARC = YES;
				CLANG_ENABLE_OBJC_WEAK = YES;
				CLANG_WARN_BLOCK_CAPTURE_AUTORELEASING = YES;
				CLANG_WARN_BOOL_CONVERSION = YES;
				CLANG_WARN_COMMA = YES;
				CLANG_WARN_CONSTANT_CONVERSION = YES;
				CLANG_WARN_DEPRECATED_OBJC_IMPLEMENTATIONS = YES;
				CLANG_WARN_DIRECT_OBJC_ISA_USAGE = YES_ERROR;
				CLANG_WARN_DOCUMENTATION_COMMENTS = YES;
				CLANG_WARN_EMPTY_BODY = YES;
				CLANG_WARN_ENUM_CONVERSION = YES;
				CLANG_WARN_INFINITE_RECURSION = YES;
				CLANG_WARN_INT_CONVERSION = YES;
				CLANG_WARN_NON_LITERAL_NULL_CONVERSION = YES;
				CLANG_WARN_OBJC_IMPLICIT_RETAIN_SELF = YES;
				CLANG_WARN_OBJC_LITERAL_CONVERSION = YES;
				CLANG_WARN_OBJC_ROOT_CLASS = YES_ERROR;
				CLANG_WARN_QUOTED_INCLUDE_IN_FRAMEWORK_HEADER = YES;
				CLANG_WARN_RANGE_LOOP_ANALYSIS = YES;
				CLANG_WARN_STRICT_PROTOTYPES = YES;
				CLANG_WARN_SUSPICIOUS_MOVE = YES;
				CLANG_WARN_UNGUARDED_AVAILABILITY = YES_AGGRESSIVE;
				CLANG_WARN_UNREACHABLE_CODE = YES;
				CLANG_WARN__DUPLICATE_METHOD_MATCH = YES;
				COPY_PHASE_STRIP = NO;
				DEBUG_INFORMATION_FORMAT = dwarf;
				ENABLE_STRICT_OBJC_MSGSEND = YES;
				ENABLE_TESTABILITY = YES;
				ENABLE_USER_SCRIPT_SANDBOXING = YES;
				GCC_C_LANGUAGE_STANDARD = gnu17;
				GCC_DYNAMIC_NO_PIC = NO;
				GCC_NO_COMMON_BLOCKS = YES;
				GCC_OPTIMIZATION_LEVEL = 0;
				GCC_PREPROCESSOR_DEFINITIONS = (
					"DEBUG=1",
					"$(inherited)",
				);
				GCC_WARN_64_TO_32_BIT_CONVERSION = YES;
				GCC_WARN_ABOUT_RETURN_TYPE = YES_ERROR;
				GCC_WARN_UNDECLARED_SELECTOR = YES;
				GCC_WARN_UNINITIALIZED_AUTOS = YES_AGGRESSIVE;
				GCC_WARN_UNUSED_FUNCTION = YES;
				GCC_WARN_UNUSED_VARIABLE = YES;
				IPHONEOS_DEPLOYMENT_TARGET = 17.0;
				LOCALIZATION_PREFERS_STRING_CATALOGS = YES;
				MTL_ENABLE_DEBUG_INFO = INCLUDE_SOURCE;
				MTL_FAST_MATH = YES;
				ONLY_ACTIVE_ARCH = YES;
				SDKROOT = iphoneos;
				SWIFT_ACTIVE_COMPILATION_CONDITIONS = "DEBUG $(inherited)";
				SWIFT_OPTIMIZATION_LEVEL = "-Onone";
			};
			name = Debug;
		};
		939B44AE2AFE39C900A67880 /* Release */ = {
			isa = XCBuildConfiguration;
			buildSettings = {
				ALWAYS_SEARCH_USER_PATHS = NO;
				ASSETCATALOG_COMPILER_GENERATE_SWIFT_ASSET_SYMBOL_EXTENSIONS = YES;
				CLANG_ANALYZER_NONNULL = YES;
				CLANG_ANALYZER_NUMBER_OBJECT_CONVERSION = YES_AGGRESSIVE;
				CLANG_CXX_LANGUAGE_STANDARD = "gnu++20";
				CLANG_ENABLE_MODULES = YES;
				CLANG_ENABLE_OBJC_ARC = YES;
				CLANG_ENABLE_OBJC_WEAK = YES;
				CLANG_WARN_BLOCK_CAPTURE_AUTORELEASING = YES;
				CLANG_WARN_BOOL_CONVERSION = YES;
				CLANG_WARN_COMMA = YES;
				CLANG_WARN_CONSTANT_CONVERSION = YES;
				CLANG_WARN_DEPRECATED_OBJC_IMPLEMENTATIONS = YES;
				CLANG_WARN_DIRECT_OBJC_ISA_USAGE = YES_ERROR;
				CLANG_WARN_DOCUMENTATION_COMMENTS = YES;
				CLANG_WARN_EMPTY_BODY = YES;
				CLANG_WARN_ENUM_CONVERSION = YES;
				CLANG_WARN_INFINITE_RECURSION = YES;
				CLANG_WARN_INT_CONVERSION = YES;
				CLANG_WARN_NON_LITERAL_NULL_CONVERSION = YES;
				CLANG_WARN_OBJC_IMPLICIT_RETAIN_SELF = YES;
				CLANG_WARN_OBJC_LITERAL_CONVERSION = YES;
				CLANG_WARN_OBJC_ROOT_CLASS = YES_ERROR;
				CLANG_WARN_QUOTED_INCLUDE_IN_FRAMEWORK_HEADER = YES;
				CLANG_WARN_RANGE_LOOP_ANALYSIS = YES;
				CLANG_WARN_STRICT_PROTOTYPES = YES;
				CLANG_WARN_SUSPICIOUS_MOVE = YES;
				CLANG_WARN_UNGUARDED_AVAILABILITY = YES_AGGRESSIVE;
				CLANG_WARN_UNREACHABLE_CODE = YES;
				CLANG_WARN__DUPLICATE_METHOD_MATCH = YES;
				COPY_PHASE_STRIP = NO;
				DEBUG_INFORMATION_FORMAT = "dwarf-with-dsym";
				ENABLE_NS_ASSERTIONS = NO;
				ENABLE_STRICT_OBJC_MSGSEND = YES;
				ENABLE_USER_SCRIPT_SANDBOXING = YES;
				GCC_C_LANGUAGE_STANDARD = gnu17;
				GCC_NO_COMMON_BLOCKS = YES;
				GCC_WARN_64_TO_32_BIT_CONVERSION = YES;
				GCC_WARN_ABOUT_RETURN_TYPE = YES_ERROR;
				GCC_WARN_UNDECLARED_SELECTOR = YES;
				GCC_WARN_UNINITIALIZED_AUTOS = YES_AGGRESSIVE;
				GCC_WARN_UNUSED_FUNCTION = YES;
				GCC_WARN_UNUSED_VARIABLE = YES;
				IPHONEOS_DEPLOYMENT_TARGET = 17.0;
				LOCALIZATION_PREFERS_STRING_CATALOGS = YES;
				MTL_ENABLE_DEBUG_INFO = NO;
				MTL_FAST_MATH = YES;
				SDKROOT = iphoneos;
				SWIFT_COMPILATION_MODE = wholemodule;
				VALIDATE_PRODUCT = YES;
			};
			name = Release;
		};
		939B44B02AFE39C900A67880 /* Debug */ = {
			isa = XCBuildConfiguration;
			buildSettings = {
				ASSETCATALOG_COMPILER_APPICON_NAME = AppIcon;
				ASSETCATALOG_COMPILER_GLOBAL_ACCENT_COLOR_NAME = AccentColor;
				CODE_SIGN_STYLE = Automatic;
				CURRENT_PROJECT_VERSION = 1;
				DEVELOPMENT_ASSET_PATHS = "\"MilitarySymbologyKit/Preview Content\"";
				DEVELOPMENT_TEAM = 4D7954KMWH;
				ENABLE_PREVIEWS = YES;
				GENERATE_INFOPLIST_FILE = YES;
				INFOPLIST_KEY_UIApplicationSceneManifest_Generation = YES;
				INFOPLIST_KEY_UIApplicationSupportsIndirectInputEvents = YES;
				INFOPLIST_KEY_UILaunchScreen_Generation = YES;
				INFOPLIST_KEY_UISupportedInterfaceOrientations_iPad = "UIInterfaceOrientationPortrait UIInterfaceOrientationPortraitUpsideDown UIInterfaceOrientationLandscapeLeft UIInterfaceOrientationLandscapeRight";
				INFOPLIST_KEY_UISupportedInterfaceOrientations_iPhone = "UIInterfaceOrientationPortrait UIInterfaceOrientationLandscapeLeft UIInterfaceOrientationLandscapeRight";
				LD_RUNPATH_SEARCH_PATHS = (
					"$(inherited)",
					"@executable_path/Frameworks",
				);
				MARKETING_VERSION = 1.0;
				PRODUCT_BUNDLE_IDENTIFIER = uk.pryimach.MilitarySymbologyKit;
				PRODUCT_NAME = "$(TARGET_NAME)";
				SWIFT_EMIT_LOC_STRINGS = YES;
				SWIFT_VERSION = 5.0;
				TARGETED_DEVICE_FAMILY = "1,2";
			};
			name = Debug;
		};
		939B44B12AFE39C900A67880 /* Release */ = {
			isa = XCBuildConfiguration;
			buildSettings = {
				ASSETCATALOG_COMPILER_APPICON_NAME = AppIcon;
				ASSETCATALOG_COMPILER_GLOBAL_ACCENT_COLOR_NAME = AccentColor;
				CODE_SIGN_STYLE = Automatic;
				CURRENT_PROJECT_VERSION = 1;
				DEVELOPMENT_ASSET_PATHS = "\"MilitarySymbologyKit/Preview Content\"";
				DEVELOPMENT_TEAM = 4D7954KMWH;
				ENABLE_PREVIEWS = YES;
				GENERATE_INFOPLIST_FILE = YES;
				INFOPLIST_KEY_UIApplicationSceneManifest_Generation = YES;
				INFOPLIST_KEY_UIApplicationSupportsIndirectInputEvents = YES;
				INFOPLIST_KEY_UILaunchScreen_Generation = YES;
				INFOPLIST_KEY_UISupportedInterfaceOrientations_iPad = "UIInterfaceOrientationPortrait UIInterfaceOrientationPortraitUpsideDown UIInterfaceOrientationLandscapeLeft UIInterfaceOrientationLandscapeRight";
				INFOPLIST_KEY_UISupportedInterfaceOrientations_iPhone = "UIInterfaceOrientationPortrait UIInterfaceOrientationLandscapeLeft UIInterfaceOrientationLandscapeRight";
				LD_RUNPATH_SEARCH_PATHS = (
					"$(inherited)",
					"@executable_path/Frameworks",
				);
				MARKETING_VERSION = 1.0;
				PRODUCT_BUNDLE_IDENTIFIER = uk.pryimach.MilitarySymbologyKit;
				PRODUCT_NAME = "$(TARGET_NAME)";
				SWIFT_EMIT_LOC_STRINGS = YES;
				SWIFT_VERSION = 5.0;
				TARGETED_DEVICE_FAMILY = "1,2";
			};
			name = Release;
		};
/* End XCBuildConfiguration section */

/* Begin XCConfigurationList section */
		939B449C2AFE39C700A67880 /* Build configuration list for PBXProject "MilitarySymbologyKit" */ = {
			isa = XCConfigurationList;
			buildConfigurations = (
				939B44AD2AFE39C900A67880 /* Debug */,
				939B44AE2AFE39C900A67880 /* Release */,
			);
			defaultConfigurationIsVisible = 0;
			defaultConfigurationName = Release;
		};
		939B44AF2AFE39C900A67880 /* Build configuration list for PBXNativeTarget "MilitarySymbologyKit" */ = {
			isa = XCConfigurationList;
			buildConfigurations = (
				939B44B02AFE39C900A67880 /* Debug */,
				939B44B12AFE39C900A67880 /* Release */,
			);
			defaultConfigurationIsVisible = 0;
			defaultConfigurationName = Release;
		};
/* End XCConfigurationList section */
	};
	rootObject = 939B44992AFE39C700A67880 /* Project object */;
}
